# THIS IS AN AUTOGENERATED FILE. DO NOT EDIT THIS FILE DIRECTLY.
# yarn lockfile v1


create-next-app@^14.2.8:
  version "14.2.8"
  resolved "https://registry.yarnpkg.com/create-next-app/-/create-next-app-14.2.8.tgz#343551d94679cbd65d529449bf4f4ef950a82906"
  integrity sha512-gZMFYumGSjrmeQFrl9o4/4CEKNs/JvBIP3XCqg1mvJyP9sS7OwcA64NianakgJqa4ttORr8Iex0vcT3oecwmgw==
